
Microsoft Visual Studio Solution File, Format Version 12.00
# Visual Studio Version 17
VisualStudioVersion = 17.11.35208.52
MinimumVisualStudioVersion = 10.0.40219.1
Project("{FAE04EC0-301F-11D3-BF4B-00C04F79EFBC}") = "VRoguePed", "VRoguePed.csproj", "{2B6CB215-0B7C-4A81-85D4-787C87D034F4}"
EndProject
Global
	GlobalSection(SolutionConfigurationPlatforms) = preSolution
		Debug|Any CPU = Debug|Any CPU
		Release|Any CPU = Release|Any CPU
	EndGlobalSection
	GlobalSection(ProjectConfigurationPlatforms) = postSolution
		{2B6CB215-0B7C-4A81-85D4-787C87D034F4}.Debug|Any CPU.ActiveCfg = Debug|Any CPU
		{2B6CB215-0B7C-4A81-85D4-787C87D034F4}.Debug|Any CPU.Build.0 = Debug|Any CPU
		{2B6CB215-0B7C-4A81-85D4-787C87D034F4}.Release|Any CPU.ActiveCfg = Release|Any CPU
		{2B6CB215-0B7C-4A81-85D4-787C87D034F4}.Release|Any CPU.Build.0 = Release|Any CPU
	EndGlobalSection
	GlobalSection(SolutionProperties) = preSolution
		HideSolutionNode = FALSE
	EndGlobalSection
	GlobalSection(ExtensibilityGlobals) = postSolution
		SolutionGuid = {7B9DC7D8-C36D-4CF6-BF01-D302681D9D62}
	EndGlobalSection
EndGlobal
